
Microsoft Visual Studio Solution File, Format Version 12.00
# Visual Studio Version 17
VisualStudioVersion = 17.9.34902.65
MinimumVisualStudioVersion = 10.0.40219.1
Project("{FAE04EC0-301F-11D3-BF4B-00C04F79EFBC}") = "ExtractTextPdf", "ExtractTextPdf.csproj", "{47A431A5-A939-406B-9853-CEEC3FB6059A}"
EndProject
Global
	GlobalSection(SolutionConfigurationPlatforms) = preSolution
		Debug|Any CPU = Debug|Any CPU
		Release|Any CPU = Release|Any CPU
	EndGlobalSection
	GlobalSection(ProjectConfigurationPlatforms) = postSolution
		{47A431A5-A939-406B-9853-CEEC3FB6059A}.Debug|Any CPU.ActiveCfg = Debug|Any CPU
		{47A431A5-A939-406B-9853-CEEC3FB6059A}.Debug|Any CPU.Build.0 = Debug|Any CPU
		{47A431A5-A939-406B-9853-CEEC3FB6059A}.Release|Any CPU.ActiveCfg = Release|Any CPU
		{47A431A5-A939-406B-9853-CEEC3FB6059A}.Release|Any CPU.Build.0 = Release|Any CPU
	EndGlobalSection
	GlobalSection(SolutionProperties) = preSolution
		HideSolutionNode = FALSE
	EndGlobalSection
	GlobalSection(ExtensibilityGlobals) = postSolution
		SolutionGuid = {4885396B-1423-4247-968D-97A0DFD2118E}
	EndGlobalSection
EndGlobal
